Microsoft Visual Studio Solution File, Format Version 12.00
# Visual Studio Version 17
VisualStudioVersion = 17.5.2.0
MinimumVisualStudioVersion = 10.0.40219.1
Project("{FAE04EC0-301F-11D3-BF4B-00C04F79EFBC}") = "NeljasOsaPraktilineToo", "NeljasOsaPraktilineToo.csproj", "{CB562ABE-A325-9FEC-4A64-70ABDDD84DFC}"
EndProject
Global
	GlobalSection(SolutionConfigurationPlatforms) = preSolution
		Debug|Any CPU = Debug|Any CPU
		Release|Any CPU = Release|Any CPU
	EndGlobalSection
	GlobalSection(ProjectConfigurationPlatforms) = postSolution
		{CB562ABE-A325-9FEC-4A64-70ABDDD84DFC}.Debug|Any CPU.ActiveCfg = Debug|Any CPU
		{CB562ABE-A325-9FEC-4A64-70ABDDD84DFC}.Debug|Any CPU.Build.0 = Debug|Any CPU
		{CB562ABE-A325-9FEC-4A64-70ABDDD84DFC}.Release|Any CPU.ActiveCfg = Release|Any CPU
		{CB562ABE-A325-9FEC-4A64-70ABDDD84DFC}.Release|Any CPU.Build.0 = Release|Any CPU
	EndGlobalSection
	GlobalSection(SolutionProperties) = preSolution
		HideSolutionNode = FALSE
	EndGlobalSection
	GlobalSection(ExtensibilityGlobals) = postSolution
		SolutionGuid = {7ADB6085-059E-401D-A4F2-681319E1A839}
	EndGlobalSection
EndGlobal
